
Microsoft Visual Studio Solution File, Format Version 12.00
# Visual Studio Version 17
VisualStudioVersion = 17.13.35931.197 d17.13
MinimumVisualStudioVersion = 10.0.40219.1
Project("{FAE04EC0-301F-11D3-BF4B-00C04F79EFBC}") = "TimeToy", "TimeToy\TimeToy.csproj", "{ADB344DF-5269-4BD7-BACF-7B69311F36D7}"
EndProject
Global
	GlobalSection(SolutionConfigurationPlatforms) = preSolution
		Debug|Any CPU = Debug|Any CPU
		Release|Any CPU = Release|Any CPU
	EndGlobalSection
	GlobalSection(ProjectConfigurationPlatforms) = postSolution
		{ADB344DF-5269-4BD7-BACF-7B69311F36D7}.Debug|Any CPU.ActiveCfg = Debug|Any CPU
		{ADB344DF-5269-4BD7-BACF-7B69311F36D7}.Debug|Any CPU.Build.0 = Debug|Any CPU
		{ADB344DF-5269-4BD7-BACF-7B69311F36D7}.Release|Any CPU.ActiveCfg = Release|Any CPU
		{ADB344DF-5269-4BD7-BACF-7B69311F36D7}.Release|Any CPU.Build.0 = Release|Any CPU
	EndGlobalSection
	GlobalSection(SolutionProperties) = preSolution
		HideSolutionNode = FALSE
	EndGlobalSection
	GlobalSection(ExtensibilityGlobals) = postSolution
		SolutionGuid = {34E82B58-2896-4D89-9BD1-AC4BE93D3030}
	EndGlobalSection
EndGlobal
